// !$*UTF8*$!
{
	archiveVersion = 1;
	classes = {
	};
	objectVersion = 77;
	objects = {

/* Begin PBXBuildFile section */
		87CD3619779E4E108B926444 /* HealthKit.framework in Frameworks */ = {isa = PBXBuildFile; fileRef = AB31742A6766A06ABC742538 /* HealthKit.framework */; };
		A1B2C3D40004AA000B3D90 /* Supabase in Frameworks */ = {isa = PBXBuildFile; productRef = A1B2C3D4000DAA000B3D90 /* Supabase */; };
		A1B2C3D40005AA000B3D90 /* Auth in Frameworks */ = {isa = PBXBuildFile; productRef = A1B2C3D4000EAA000B3D90 /* Auth */; };
/* End PBXBuildFile section */

/* Begin PBXContainerItemProxy section */
		4C90E59C2F381D1D000B3D90 /* PBXContainerItemProxy */ = {
			isa = PBXContainerItemProxy;
			containerPortal = 4C90E5852F381D1B000B3D90 /* Project object */;
			proxyType = 1;
			remoteGlobalIDString = 4C90E58C2F381D1B000B3D90;
			remoteInfo = ClaudeApp;
		};
		4C90E5A62F381D1D000B3D90 /* PBXContainerItemProxy */ = {
			isa = PBXContainerItemProxy;
			containerPortal = 4C90E5852F381D1B000B3D90 /* Project object */;
			proxyType = 1;
			remoteGlobalIDString = 4C90E58C2F381D1B000B3D90;
			remoteInfo = ClaudeApp;
		};
/* End PBXContainerItemProxy section */

/* Begin PBXFileReference section */
		4C90E58D2F381D1B000B3D90 /* ClaudeApp.app */ = {isa = PBXFileReference; explicitFileType = wrapper.application; includeInIndex = 0; path = ClaudeApp.app; sourceTree = BUILT_PRODUCTS_DIR; };
		4C90E59B2F381D1D000B3D90 /* ClaudeAppTests.xctest */ = {isa = PBXFileReference; explicitFileType = wrapper.cfbundle; includeInIndex = 0; path = ClaudeAppTests.xctest; sourceTree = BUILT_PRODUCTS_DIR; };
		4C90E5A52F381D1D000B3D90 /* ClaudeAppUITests.xctest */ = {isa = PBXFileReference; explicitFileType = wrapper.cfbundle; includeInIndex = 0; path = ClaudeAppUITests.xctest; sourceTree = BUILT_PRODUCTS_DIR; };
		AB31742A6766A06ABC742538 /* HealthKit.framework */ = {isa = PBXFileReference; lastKnownFileType = wrapper.framework; name = HealthKit.framework; path = System/Library/Frameworks/HealthKit.framework; sourceTree = SDKROOT; };
/* End PBXFileReference section */

/* Begin PBXFileSystemSynchronizedBuildFileExceptionSet section */
		AABB001122334455DEAD0001 /* Exceptions for "ClaudeApp" folder in "ClaudeApp" target */ = {
			isa = PBXFileSystemSynchronizedBuildFileExceptionSet;
			membershipExceptions = (
				Info.plist,
			);
			target = 4C90E58C2F381D1B000B3D90 /* ClaudeApp */;
		};
/* End PBXFileSystemSynchronizedBuildFileExceptionSet section */

/* Begin PBXFileSystemSynchronizedRootGroup section */
		4C90E58F2F381D1B000B3D90 /* ClaudeApp */ = {
			isa = PBXFileSystemSynchronizedRootGroup;
			exceptions = (
				AABB001122334455DEAD0001 /* Exceptions for "ClaudeApp" folder in "ClaudeApp" target */,
			);
			path = ClaudeApp;
			sourceTree = "<group>";
		};
		4C90E59E2F381D1D000B3D90 /* ClaudeAppTests */ = {
			isa = PBXFileSystemSynchronizedRootGroup;
			path = ClaudeAppTests;
			sourceTree = "<group>";
		};
		4C90E5A82F381D1D000B3D90 /* ClaudeAppUITests */ = {
			isa = PBXFileSystemSynchronizedRootGroup;
			path = ClaudeAppUITests;
			sourceTree = "<group>";
		};
/* End PBXFileSystemSynchronizedRootGroup section */

/* Begin PBXFrameworksBuildPhase section */
		4C90E58A2F381D1B000B3D90 /* Frameworks */ = {
			isa = PBXFrameworksBuildPhase;
			buildActionMask = 2147483647;
			files = (
				A1B2C3D40004AA000B3D90 /* Supabase in Frameworks */,
				A1B2C3D40005AA000B3D90 /* Auth in Frameworks */,
				87CD3619779E4E108B926444 /* HealthKit.framework in Frameworks */,
			);
			runOnlyForDeploymentPostprocessing = 0;
		};
		4C90E5982F381D1D000B3D90 /* Frameworks */ = {
			isa = PBXFrameworksBuildPhase;
			buildActionMask = 2147483647;
			files = (
			);
			runOnlyForDeploymentPostprocessing = 0;
		};
		4C90E5A22F381D1D000B3D90 /* Frameworks */ = {
			isa = PBXFrameworksBuildPhase;
			buildActionMask = 2147483647;
			files = (
			);
			runOnlyForDeploymentPostprocessing = 0;
		};
/* End PBXFrameworksBuildPhase section */

/* Begin PBXGroup section */
		4C90E5842F381D1B000B3D90 = {
			isa = PBXGroup;
			children = (
				4C90E58F2F381D1B000B3D90 /* ClaudeApp */,
				4C90E59E2F381D1D000B3D90 /* ClaudeAppTests */,
				4C90E5A82F381D1D000B3D90 /* ClaudeAppUITests */,
				B687106895D06AA330DAFED5 /* Frameworks */,
				4C90E58E2F381D1B000B3D90 /* Products */,
			);
			sourceTree = "<group>";
		};
		4C90E58E2F381D1B000B3D90 /* Products */ = {
			isa = PBXGroup;
			children = (
				4C90E58D2F381D1B000B3D90 /* ClaudeApp.app */,
				4C90E59B2F381D1D000B3D90 /* ClaudeAppTests.xctest */,
				4C90E5A52F381D1D000B3D90 /* ClaudeAppUITests.xctest */,
			);
			name = Products;
			sourceTree = "<group>";
		};
		B687106895D06AA330DAFED5 /* Frameworks */ = {
			isa = PBXGroup;
			children = (
				AB31742A6766A06ABC742538 /* HealthKit.framework */,
			);
			name = Frameworks;
			sourceTree = "<group>";
		};
/* End PBXGroup section */

/* Begin PBXNativeTarget section */
		4C90E58C2F381D1B000B3D90 /* ClaudeApp */ = {
			isa = PBXNativeTarget;
			buildConfigurationList = 4C90E5AF2F381D1D000B3D90 /* Build configuration list for PBXNativeTarget "ClaudeApp" */;
			buildPhases = (
				4C90E5892F381D1B000B3D90 /* Sources */,
				4C90E58A2F381D1B000B3D90 /* Frameworks */,
				4C90E58B2F381D1B000B3D90 /* Resources */,
			);
			buildRules = (
			);
			dependencies = (
			);
			fileSystemSynchronizedGroups = (
				4C90E58F2F381D1B000B3D90 /* ClaudeApp */,
			);
			name = ClaudeApp;
			packageProductDependencies = (
				A1B2C3D4000DAA000B3D90 /* Supabase */,
				A1B2C3D4000EAA000B3D90 /* Auth */,
			);
			productName = ClaudeApp;
			productReference = 4C90E58D2F381D1B000B3D90 /* ClaudeApp.app */;
			productType = "com.apple.product-type.application";
		};
		4C90E59A2F381D1D000B3D90 /* ClaudeAppTests */ = {
			isa = PBXNativeTarget;
			buildConfigurationList = 4C90E5B22F381D1D000B3D90 /* Build configuration list for PBXNativeTarget "ClaudeAppTests" */;
			buildPhases = (
				4C90E5972F381D1D000B3D90 /* Sources */,
				4C90E5982F381D1D000B3D90 /* Frameworks */,
				4C90E5992F381D1D000B3D90 /* Resources */,
			);
			buildRules = (
			);
			dependencies = (
				4C90E59D2F381D1D000B3D90 /* PBXTargetDependency */,
			);
			fileSystemSynchronizedGroups = (
				4C90E59E2F381D1D000B3D90 /* ClaudeAppTests */,
			);
			name = ClaudeAppTests;
			packageProductDependencies = (
			);
			productName = ClaudeAppTests;
			productReference = 4C90E59B2F381D1D000B3D90 /* ClaudeAppTests.xctest */;
			productType = "com.apple.product-type.bundle.unit-test";
		};
		4C90E5A42F381D1D000B3D90 /* ClaudeAppUITests */ = {
			isa = PBXNativeTarget;
			buildConfigurationList = 4C90E5B52F381D1D000B3D90 /* Build configuration list for PBXNativeTarget "ClaudeAppUITests" */;
			buildPhases = (
				4C90E5A12F381D1D000B3D90 /* Sources */,
				4C90E5A22F381D1D000B3D90 /* Frameworks */,
				4C90E5A32F381D1D000B3D90 /* Resources */,
			);
			buildRules = (
			);
			dependencies = (
				4C90E5A72F381D1D000B3D90 /* PBXTargetDependency */,
			);
			fileSystemSynchronizedGroups = (
				4C90E5A82F381D1D000B3D90 /* ClaudeAppUITests */,
			);
			name = ClaudeAppUITests;
			packageProductDependencies = (
			);
			productName = ClaudeAppUITests;
			productReference = 4C90E5A52F381D1D000B3D90 /* ClaudeAppUITests.xctest */;
			productType = "com.apple.product-type.bundle.ui-testing";
		};
/* End PBXNativeTarget section */

/* Begin PBXProject section */
		4C90E5852F381D1B000B3D90 /* Project object */ = {
			isa = PBXProject;
			attributes = {
				BuildIndependentTargetsInParallel = 1;
				LastSwiftUpdateCheck = 1640;
				LastUpgradeCheck = 1640;
				TargetAttributes = {
					4C90E58C2F381D1B000B3D90 = {
						CreatedOnToolsVersion = 16.4;
					};
					4C90E59A2F381D1D000B3D90 = {
						CreatedOnToolsVersion = 16.4;
						TestTargetID = 4C90E58C2F381D1B000B3D90;
					};
					4C90E5A42F381D1D000B3D90 = {
						CreatedOnToolsVersion = 16.4;
						TestTargetID = 4C90E58C2F381D1B000B3D90;
					};
				};
			};
			buildConfigurationList = 4C90E5882F381D1B000B3D90 /* Build configuration list for PBXProject "ClaudeApp" */;
			developmentRegion = en;
			hasScannedForEncodings = 0;
			knownRegions = (
				en,
				Base,
			);
			mainGroup = 4C90E5842F381D1B000B3D90;
			minimizedProjectReferenceProxies = 1;
			packageReferences = (
				A1B2C3D4000CAA000B3D90 /* XCRemoteSwiftPackageReference "supabase-swift" */,
			);
			preferredProjectObjectVersion = 77;
			productRefGroup = 4C90E58E2F381D1B000B3D90 /* Products */;
			projectDirPath = "";
			projectRoot = "";
			targets = (
				4C90E58C2F381D1B000B3D90 /* ClaudeApp */,
				4C90E59A2F381D1D000B3D90 /* ClaudeAppTests */,
				4C90E5A42F381D1D000B3D90 /* ClaudeAppUITests */,
			);
		};
/* End PBXProject section */

/* Begin PBXResourcesBuildPhase section */
		4C90E58B2F381D1B000B3D90 /* Resources */ = {
			isa = PBXResourcesBuildPhase;
			buildActionMask = 2147483647;
			files = (
			);
			runOnlyForDeploymentPostprocessing = 0;
		};
		4C90E5992F381D1D000B3D90 /* Resources */ = {
			isa = PBXResourcesBuildPhase;
			buildActionMask = 2147483647;
			files = (
			);
			runOnlyForDeploymentPostprocessing = 0;
		};
		4C90E5A32F381D1D000B3D90 /* Resources */ = {
			isa = PBXResourcesBuildPhase;
			buildActionMask = 2147483647;
			files = (
			);
			runOnlyForDeploymentPostprocessing = 0;
		};
/* End PBXResourcesBuildPhase section */

/* Begin PBXSourcesBuildPhase section */
		4C90E5892F381D1B000B3D90 /* Sources */ = {
			isa = PBXSourcesBuildPhase;
			buildActionMask = 2147483647;
			files = (
			);
			runOnlyForDeploymentPostprocessing = 0;
		};
		4C90E5972F381D1D000B3D90 /* Sources */ = {
			isa = PBXSourcesBuildPhase;
			buildActionMask = 2147483647;
			files = (
			);
			runOnlyForDeploymentPostprocessing = 0;
		};
		4C90E5A12F381D1D000B3D90 /* Sources */ = {
			isa = PBXSourcesBuildPhase;
			buildActionMask = 2147483647;
			files = (
			);
			runOnlyForDeploymentPostprocessing = 0;
		};
/* End PBXSourcesBuildPhase section */

/* Begin PBXTargetDependency section */
		4C90E59D2F381D1D000B3D90 /* PBXTargetDependency */ = {
			isa = PBXTargetDependency;
			target = 4C90E58C2F381D1B000B3D90 /* ClaudeApp */;
			targetProxy = 4C90E59C2F381D1D000B3D90 /* PBXContainerItemProxy */;
		};
		4C90E5A72F381D1D000B3D90 /* PBXTargetDependency */ = {
			isa = PBXTargetDependency;
			target = 4C90E58C2F381D1B000B3D90 /* ClaudeApp */;
			targetProxy = 4C90E5A62F381D1D000B3D90 /* PBXContainerItemProxy */;
		};
/* End PBXTargetDependency section */

/* Begin XCBuildConfiguration section */
		4C90E5AD2F381D1D000B3D90 /* Debug */ = {
			isa = XCBuildConfiguration;
			buildSettings = {
				ALWAYS_SEARCH_USER_PATHS = NO;
				ASSETCATALOG_COMPILER_GENERATE_SWIFT_ASSET_SYMBOL_EXTENSIONS = YES;
				CLANG_ANALYZER_NONNULL = YES;
				CLANG_ANALYZER_NUMBER_OBJECT_CONVERSION = YES_AGGRESSIVE;
				CLANG_CXX_LANGUAGE_STANDARD = "gnu++20";
				CLANG_ENABLE_MODULES = YES;
				CLANG_ENABLE_OBJC_ARC = YES;
				CLANG_ENABLE_OBJC_WEAK = YES;
				CLANG_WARN_BLOCK_CAPTURE_AUTORELEASING = YES;
				CLANG_WARN_BOOL_CONVERSION = YES;
				CLANG_WARN_COMMA = YES;
				CLANG_WARN_CONSTANT_CONVERSION = YES;
				CLANG_WARN_DEPRECATED_OBJC_IMPLEMENTATIONS = YES;
				CLANG_WARN_DIRECT_OBJC_ISA_USAGE = YES_ERROR;
				CLANG_WARN_DOCUMENTATION_COMMENTS = YES;
				CLANG_WARN_EMPTY_BODY = YES;
				CLANG_WARN_ENUM_CONVERSION = YES;
				CLANG_WARN_INFINITE_RECURSION = YES;
				CLANG_WARN_INT_CONVERSION = YES;
				CLANG_WARN_NON_LITERAL_NULL_CONVERSION = YES;
				CLANG_WARN_OBJC_IMPLICIT_RETAIN_SELF = YES;
				CLANG_WARN_OBJC_LITERAL_CONVERSION = YES;
				CLANG_WARN_OBJC_ROOT_CLASS = YES_ERROR;
				CLANG_WARN_QUOTED_INCLUDE_IN_FRAMEWORK_HEADER = YES;
				CLANG_WARN_RANGE_LOOP_ANALYSIS = YES;
				CLANG_WARN_STRICT_PROTOTYPES = YES;
				CLANG_WARN_SUSPICIOUS_MOVE = YES;
				CLANG_WARN_UNGUARDED_AVAILABILITY = YES_AGGRESSIVE;
				CLANG_WARN_UNREACHABLE_CODE = YES;
				CLANG_WARN__DUPLICATE_METHOD_MATCH = YES;
				COPY_PHASE_STRIP = NO;
				DEBUG_INFORMATION_FORMAT = dwarf;
				ENABLE_STRICT_OBJC_MSGSEND = YES;
				ENABLE_TESTABILITY = YES;
				ENABLE_USER_SCRIPT_SANDBOXING = YES;
				GCC_C_LANGUAGE_STANDARD = gnu17;
				GCC_DYNAMIC_NO_PIC = NO;
				GCC_NO_COMMON_BLOCKS = YES;
				GCC_OPTIMIZATION_LEVEL = 0;
				GCC_PREPROCESSOR_DEFINITIONS = (
					"DEBUG=1",
					"$(inherited)",
				);
				GCC_WARN_64_TO_32_BIT_CONVERSION = YES;
				GCC_WARN_ABOUT_RETURN_TYPE = YES_ERROR;
				GCC_WARN_UNDECLARED_SELECTOR = YES;
				GCC_WARN_UNINITIALIZED_AUTOS = YES_AGGRESSIVE;
				GCC_WARN_UNUSED_FUNCTION = YES;
				GCC_WARN_UNUSED_VARIABLE = YES;
				LOCALIZATION_PREFERS_STRING_CATALOGS = YES;
				MTL_ENABLE_DEBUG_INFO = INCLUDE_SOURCE;
				MTL_FAST_MATH = YES;
				ONLY_ACTIVE_ARCH = YES;
				SWIFT_ACTIVE_COMPILATION_CONDITIONS = "DEBUG $(inherited)";
				SWIFT_OPTIMIZATION_LEVEL = "-Onone";
			};
			name = Debug;
		};
		4C90E5AE2F381D1D000B3D90 /* Release */ = {
			isa = XCBuildConfiguration;
			buildSettings = {
				ALWAYS_SEARCH_USER_PATHS = NO;
				ASSETCATALOG_COMPILER_GENERATE_SWIFT_ASSET_SYMBOL_EXTENSIONS = YES;
				CLANG_ANALYZER_NONNULL = YES;
				CLANG_ANALYZER_NUMBER_OBJECT_CONVERSION = YES_AGGRESSIVE;
				CLANG_CXX_LANGUAGE_STANDARD = "gnu++20";
				CLANG_ENABLE_MODULES = YES;
				CLANG_ENABLE_OBJC_ARC = YES;
				CLANG_ENABLE_OBJC_WEAK = YES;
				CLANG_WARN_BLOCK_CAPTURE_AUTORELEASING = YES;
				CLANG_WARN_BOOL_CONVERSION = YES;
				CLANG_WARN_COMMA = YES;
				CLANG_WARN_CONSTANT_CONVERSION = YES;
				CLANG_WARN_DEPRECATED_OBJC_IMPLEMENTATIONS = YES;
				CLANG_WARN_DIRECT_OBJC_ISA_USAGE = YES_ERROR;
				CLANG_WARN_DOCUMENTATION_COMMENTS = YES;
				CLANG_WARN_EMPTY_BODY = YES;
				CLANG_WARN_ENUM_CONVERSION = YES;
				CLANG_WARN_INFINITE_RECURSION = YES;
				CLANG_WARN_INT_CONVERSION = YES;
				CLANG_WARN_NON_LITERAL_NULL_CONVERSION = YES;
				CLANG_WARN_OBJC_IMPLICIT_RETAIN_SELF = YES;
				CLANG_WARN_OBJC_LITERAL_CONVERSION = YES;
				CLANG_WARN_OBJC_ROOT_CLASS = YES_ERROR;
				CLANG_WARN_QUOTED_INCLUDE_IN_FRAMEWORK_HEADER = YES;
				CLANG_WARN_RANGE_LOOP_ANALYSIS = YES;
				CLANG_WARN_STRICT_PROTOTYPES = YES;
				CLANG_WARN_SUSPICIOUS_MOVE = YES;
				CLANG_WARN_UNGUARDED_AVAILABILITY = YES_AGGRESSIVE;
				CLANG_WARN_UNREACHABLE_CODE = YES;
				CLANG_WARN__DUPLICATE_METHOD_MATCH = YES;
				COPY_PHASE_STRIP = NO;
				DEBUG_INFORMATION_FORMAT = "dwarf-with-dsym";
				ENABLE_NS_ASSERTIONS = NO;
				ENABLE_STRICT_OBJC_MSGSEND = YES;
				ENABLE_USER_SCRIPT_SANDBOXING = YES;
				GCC_C_LANGUAGE_STANDARD = gnu17;
				GCC_NO_COMMON_BLOCKS = YES;
				GCC_WARN_64_TO_32_BIT_CONVERSION = YES;
				GCC_WARN_ABOUT_RETURN_TYPE = YES_ERROR;
				GCC_WARN_UNDECLARED_SELECTOR = YES;
				GCC_WARN_UNINITIALIZED_AUTOS = YES_AGGRESSIVE;
				GCC_WARN_UNUSED_FUNCTION = YES;
				GCC_WARN_UNUSED_VARIABLE = YES;
				LOCALIZATION_PREFERS_STRING_CATALOGS = YES;
				MTL_ENABLE_DEBUG_INFO = NO;
				MTL_FAST_MATH = YES;
				SWIFT_COMPILATION_MODE = wholemodule;
			};
			name = Release;
		};
		4C90E5B02F381D1D000B3D90 /* Debug */ = {
			isa = XCBuildConfiguration;
			buildSettings = {
				ASSETCATALOG_COMPILER_APPICON_NAME = AppIcon;
				ASSETCATALOG_COMPILER_GLOBAL_ACCENT_COLOR_NAME = AccentColor;
				CODE_SIGN_ENTITLEMENTS = ClaudeApp/ClaudeApp.entitlements;
				CODE_SIGN_STYLE = Automatic;
				CURRENT_PROJECT_VERSION = 1;
				ENABLE_PREVIEWS = YES;
				GENERATE_INFOPLIST_FILE = YES;
				INFOPLIST_FILE = ClaudeApp/Info.plist;
				INFOPLIST_KEY_NSHealthShareUsageDescription = "ClaudeApp reads health data to correlate with your cycle phases for personalized insights.";
				"INFOPLIST_KEY_UIApplicationSceneManifest_Generation[sdk=iphoneos*]" = YES;
				"INFOPLIST_KEY_UIApplicationSceneManifest_Generation[sdk=iphonesimulator*]" = YES;
				"INFOPLIST_KEY_UIApplicationSupportsIndirectInputEvents[sdk=iphoneos*]" = YES;
				"INFOPLIST_KEY_UIApplicationSupportsIndirectInputEvents[sdk=iphonesimulator*]" = YES;
				"INFOPLIST_KEY_UILaunchScreen_Generation[sdk=iphoneos*]" = YES;
				"INFOPLIST_KEY_UILaunchScreen_Generation[sdk=iphonesimulator*]" = YES;
				"INFOPLIST_KEY_UIStatusBarStyle[sdk=iphoneos*]" = UIStatusBarStyleDefault;
				"INFOPLIST_KEY_UIStatusBarStyle[sdk=iphonesimulator*]" = UIStatusBarStyleDefault;
				INFOPLIST_KEY_UISupportedInterfaceOrientations_iPad = "UIInterfaceOrientationPortrait UIInterfaceOrientationPortraitUpsideDown UIInterfaceOrientationLandscapeLeft UIInterfaceOrientationLandscapeRight";
				INFOPLIST_KEY_UISupportedInterfaceOrientations_iPhone = "UIInterfaceOrientationPortrait UIInterfaceOrientationLandscapeLeft UIInterfaceOrientationLandscapeRight";
				IPHONEOS_DEPLOYMENT_TARGET = 18.5;
				LD_RUNPATH_SEARCH_PATHS = "@executable_path/Frameworks";
				"LD_RUNPATH_SEARCH_PATHS[sdk=macosx*]" = "@executable_path/../Frameworks";
				MACOSX_DEPLOYMENT_TARGET = 15.5;
				MARKETING_VERSION = 1.0;
				PRODUCT_BUNDLE_IDENTIFIER = com.LVB.ClaudeApp;
				PRODUCT_NAME = "$(TARGET_NAME)";
				REGISTER_APP_GROUPS = YES;
				SDKROOT = auto;
				SUPPORTED_PLATFORMS = "iphoneos iphonesimulator macosx xros xrsimulator";
				SWIFT_EMIT_LOC_STRINGS = YES;
				SWIFT_VERSION = 5.0;
				TARGETED_DEVICE_FAMILY = "1,2,7";
				XROS_DEPLOYMENT_TARGET = 2.5;
			};
			name = Debug;
		};
		4C90E5B12F381D1D000B3D90 /* Release */ = {
			isa = XCBuildConfiguration;
			buildSettings = {
				ASSETCATALOG_COMPILER_APPICON_NAME = AppIcon;
				ASSETCATALOG_COMPILER_GLOBAL_ACCENT_COLOR_NAME = AccentColor;
				CODE_SIGN_ENTITLEMENTS = ClaudeApp/ClaudeApp.entitlements;
				CODE_SIGN_STYLE = Automatic;
				CURRENT_PROJECT_VERSION = 1;
				ENABLE_PREVIEWS = YES;
				GENERATE_INFOPLIST_FILE = YES;
				INFOPLIST_FILE = ClaudeApp/Info.plist;
				INFOPLIST_KEY_NSHealthShareUsageDescription = "ClaudeApp reads health data to correlate with your cycle phases for personalized insights.";
				"INFOPLIST_KEY_UIApplicationSceneManifest_Generation[sdk=iphoneos*]" = YES;
				"INFOPLIST_KEY_UIApplicationSceneManifest_Generation[sdk=iphonesimulator*]" = YES;
				"INFOPLIST_KEY_UIApplicationSupportsIndirectInputEvents[sdk=iphoneos*]" = YES;
				"INFOPLIST_KEY_UIApplicationSupportsIndirectInputEvents[sdk=iphonesimulator*]" = YES;
				"INFOPLIST_KEY_UILaunchScreen_Generation[sdk=iphoneos*]" = YES;
				"INFOPLIST_KEY_UILaunchScreen_Generation[sdk=iphonesimulator*]" = YES;
				"INFOPLIST_KEY_UIStatusBarStyle[sdk=iphoneos*]" = UIStatusBarStyleDefault;
				"INFOPLIST_KEY_UIStatusBarStyle[sdk=iphonesimulator*]" = UIStatusBarStyleDefault;
				INFOPLIST_KEY_UISupportedInterfaceOrientations_iPad = "UIInterfaceOrientationPortrait UIInterfaceOrientationPortraitUpsideDown UIInterfaceOrientationLandscapeLeft UIInterfaceOrientationLandscapeRight";
				INFOPLIST_KEY_UISupportedInterfaceOrientations_iPhone = "UIInterfaceOrientationPortrait UIInterfaceOrientationLandscapeLeft UIInterfaceOrientationLandscapeRight";
				IPHONEOS_DEPLOYMENT_TARGET = 18.5;
				LD_RUNPATH_SEARCH_PATHS = "@executable_path/Frameworks";
				"LD_RUNPATH_SEARCH_PATHS[sdk=macosx*]" = "@executable_path/../Frameworks";
				MACOSX_DEPLOYMENT_TARGET = 15.5;
				MARKETING_VERSION = 1.0;
				PRODUCT_BUNDLE_IDENTIFIER = com.LVB.ClaudeApp;
				PRODUCT_NAME = "$(TARGET_NAME)";
				REGISTER_APP_GROUPS = YES;
				SDKROOT = auto;
				SUPPORTED_PLATFORMS = "iphoneos iphonesimulator macosx xros xrsimulator";
				SWIFT_EMIT_LOC_STRINGS = YES;
				SWIFT_VERSION = 5.0;
				TARGETED_DEVICE_FAMILY = "1,2,7";
				XROS_DEPLOYMENT_TARGET = 2.5;
			};
			name = Release;
		};
		4C90E5B32F381D1D000B3D90 /* Debug */ = {
			isa = XCBuildConfiguration;
			buildSettings = {
				BUNDLE_LOADER = "$(TEST_HOST)";
				CODE_SIGN_STYLE = Automatic;
				CURRENT_PROJECT_VERSION = 1;
				GENERATE_INFOPLIST_FILE = YES;
				IPHONEOS_DEPLOYMENT_TARGET = 18.5;
				MACOSX_DEPLOYMENT_TARGET = 15.5;
				MARKETING_VERSION = 1.0;
				PRODUCT_BUNDLE_IDENTIFIER = com.LVB.ClaudeAppTests;
				PRODUCT_NAME = "$(TARGET_NAME)";
				SDKROOT = auto;
				SUPPORTED_PLATFORMS = "iphoneos iphonesimulator macosx xros xrsimulator";
				SWIFT_EMIT_LOC_STRINGS = NO;
				SWIFT_VERSION = 5.0;
				TARGETED_DEVICE_FAMILY = "1,2,7";
				TEST_HOST = "$(BUILT_PRODUCTS_DIR)/ClaudeApp.app/$(BUNDLE_EXECUTABLE_FOLDER_PATH)/ClaudeApp";
				XROS_DEPLOYMENT_TARGET = 2.5;
			};
			name = Debug;
		};
		4C90E5B42F381D1D000B3D90 /* Release */ = {
			isa = XCBuildConfiguration;
			buildSettings = {
				BUNDLE_LOADER = "$(TEST_HOST)";
				CODE_SIGN_STYLE = Automatic;
				CURRENT_PROJECT_VERSION = 1;
				GENERATE_INFOPLIST_FILE = YES;
				IPHONEOS_DEPLOYMENT_TARGET = 18.5;
				MACOSX_DEPLOYMENT_TARGET = 15.5;
				MARKETING_VERSION = 1.0;
				PRODUCT_BUNDLE_IDENTIFIER = com.LVB.ClaudeAppTests;
				PRODUCT_NAME = "$(TARGET_NAME)";
				SDKROOT = auto;
				SUPPORTED_PLATFORMS = "iphoneos iphonesimulator macosx xros xrsimulator";
				SWIFT_EMIT_LOC_STRINGS = NO;
				SWIFT_VERSION = 5.0;
				TARGETED_DEVICE_FAMILY = "1,2,7";
				TEST_HOST = "$(BUILT_PRODUCTS_DIR)/ClaudeApp.app/$(BUNDLE_EXECUTABLE_FOLDER_PATH)/ClaudeApp";
				XROS_DEPLOYMENT_TARGET = 2.5;
			};
			name = Release;
		};
		4C90E5B62F381D1D000B3D90 /* Debug */ = {
			isa = XCBuildConfiguration;
			buildSettings = {
				CODE_SIGN_STYLE = Automatic;
				CURRENT_PROJECT_VERSION = 1;
				GENERATE_INFOPLIST_FILE = YES;
				IPHONEOS_DEPLOYMENT_TARGET = 18.5;
				MACOSX_DEPLOYMENT_TARGET = 15.5;
				MARKETING_VERSION = 1.0;
				PRODUCT_BUNDLE_IDENTIFIER = com.LVB.ClaudeAppUITests;
				PRODUCT_NAME = "$(TARGET_NAME)";
				SDKROOT = auto;
				SUPPORTED_PLATFORMS = "iphoneos iphonesimulator macosx xros xrsimulator";
				SWIFT_EMIT_LOC_STRINGS = NO;
				SWIFT_VERSION = 5.0;
				TARGETED_DEVICE_FAMILY = "1,2,7";
				TEST_TARGET_NAME = ClaudeApp;
				XROS_DEPLOYMENT_TARGET = 2.5;
			};
			name = Debug;
		};
		4C90E5B72F381D1D000B3D90 /* Release */ = {
			isa = XCBuildConfiguration;
			buildSettings = {
				CODE_SIGN_STYLE = Automatic;
				CURRENT_PROJECT_VERSION = 1;
				GENERATE_INFOPLIST_FILE = YES;
				IPHONEOS_DEPLOYMENT_TARGET = 18.5;
				MACOSX_DEPLOYMENT_TARGET = 15.5;
				MARKETING_VERSION = 1.0;
				PRODUCT_BUNDLE_IDENTIFIER = com.LVB.ClaudeAppUITests;
				PRODUCT_NAME = "$(TARGET_NAME)";
				SDKROOT = auto;
				SUPPORTED_PLATFORMS = "iphoneos iphonesimulator macosx xros xrsimulator";
				SWIFT_EMIT_LOC_STRINGS = NO;
				SWIFT_VERSION = 5.0;
				TARGETED_DEVICE_FAMILY = "1,2,7";
				TEST_TARGET_NAME = ClaudeApp;
				XROS_DEPLOYMENT_TARGET = 2.5;
			};
			name = Release;
		};
/* End XCBuildConfiguration section */

/* Begin XCConfigurationList section */
		4C90E5882F381D1B000B3D90 /* Build configuration list for PBXProject "ClaudeApp" */ = {
			isa = XCConfigurationList;
			buildConfigurations = (
				4C90E5AD2F381D1D000B3D90 /* Debug */,
				4C90E5AE2F381D1D000B3D90 /* Release */,
			);
			defaultConfigurationIsVisible = 0;
			defaultConfigurationName = Release;
		};
		4C90E5AF2F381D1D000B3D90 /* Build configuration list for PBXNativeTarget "ClaudeApp" */ = {
			isa = XCConfigurationList;
			buildConfigurations = (
				4C90E5B02F381D1D000B3D90 /* Debug */,
				4C90E5B12F381D1D000B3D90 /* Release */,
			);
			defaultConfigurationIsVisible = 0;
			defaultConfigurationName = Release;
		};
		4C90E5B22F381D1D000B3D90 /* Build configuration list for PBXNativeTarget "ClaudeAppTests" */ = {
			isa = XCConfigurationList;
			buildConfigurations = (
				4C90E5B32F381D1D000B3D90 /* Debug */,
				4C90E5B42F381D1D000B3D90 /* Release */,
			);
			defaultConfigurationIsVisible = 0;
			defaultConfigurationName = Release;
		};
		4C90E5B52F381D1D000B3D90 /* Build configuration list for PBXNativeTarget "ClaudeAppUITests" */ = {
			isa = XCConfigurationList;
			buildConfigurations = (
				4C90E5B62F381D1D000B3D90 /* Debug */,
				4C90E5B72F381D1D000B3D90 /* Release */,
			);
			defaultConfigurationIsVisible = 0;
			defaultConfigurationName = Release;
		};
/* End XCConfigurationList section */

/* Begin XCRemoteSwiftPackageReference section */
		A1B2C3D4000CAA000B3D90 /* XCRemoteSwiftPackageReference "supabase-swift" */ = {
			isa = XCRemoteSwiftPackageReference;
			repositoryURL = "https://github.com/supabase/supabase-swift";
			requirement = {
				kind = upToNextMajorVersion;
				minimumVersion = 2.0.0;
			};
		};
/* End XCRemoteSwiftPackageReference section */

/* Begin XCSwiftPackageProductDependency section */
		A1B2C3D4000DAA000B3D90 /* Supabase */ = {
			isa = XCSwiftPackageProductDependency;
			package = A1B2C3D4000CAA000B3D90 /* XCRemoteSwiftPackageReference "supabase-swift" */;
			productName = Supabase;
		};
		A1B2C3D4000EAA000B3D90 /* Auth */ = {
			isa = XCSwiftPackageProductDependency;
			package = A1B2C3D4000CAA000B3D90 /* XCRemoteSwiftPackageReference "supabase-swift" */;
			productName = Auth;
		};
/* End XCSwiftPackageProductDependency section */
	};
	rootObject = 4C90E5852F381D1B000B3D90 /* Project object */;
}
